
Microsoft Visual Studio Solution File, Format Version 12.00
# Visual Studio Version 16
VisualStudioVersion = 16.0.30804.86
MinimumVisualStudioVersion = 10.0.40219.1
Project("{FAE04EC0-301F-11D3-BF4B-00C04F79EFBC}") = "MovieCruise", "MovieCruise\MovieCruise.csproj", "{70AC7F0F-A33A-456C-8A21-6F1675866E2D}"
EndProject
Project("{FAE04EC0-301F-11D3-BF4B-00C04F79EFBC}") = "Com.Cognizant.MovieCruiser.Model", "Com.Cognizant.MovieCruiser.Model\Com.Cognizant.MovieCruiser.Model.csproj", "{23A36DD5-DD0A-42A9-90A4-62CA0883E28D}"
EndProject
Project("{FAE04EC0-301F-11D3-BF4B-00C04F79EFBC}") = "Com.Cognizant.MovieCruiser.Dao", "Com.Cognizant.MovieCruiser.Dao\Com.Cognizant.MovieCruiser.Dao.csproj", "{F208A948-249E-4053-B788-8E0EDF578407}"
EndProject
Global
	GlobalSection(SolutionConfigurationPlatforms) = preSolution
		Debug|Any CPU = Debug|Any CPU
		Release|Any CPU = Release|Any CPU
	EndGlobalSection
	GlobalSection(ProjectConfigurationPlatforms) = postSolution
		{70AC7F0F-A33A-456C-8A21-6F1675866E2D}.Debug|Any CPU.ActiveCfg = Debug|Any CPU
		{70AC7F0F-A33A-456C-8A21-6F1675866E2D}.Debug|Any CPU.Build.0 = Debug|Any CPU
		{70AC7F0F-A33A-456C-8A21-6F1675866E2D}.Release|Any CPU.ActiveCfg = Release|Any CPU
		{70AC7F0F-A33A-456C-8A21-6F1675866E2D}.Release|Any CPU.Build.0 = Release|Any CPU
		{23A36DD5-DD0A-42A9-90A4-62CA0883E28D}.Debug|Any CPU.ActiveCfg = Debug|Any CPU
		{23A36DD5-DD0A-42A9-90A4-62CA0883E28D}.Debug|Any CPU.Build.0 = Debug|Any CPU
		{23A36DD5-DD0A-42A9-90A4-62CA0883E28D}.Release|Any CPU.ActiveCfg = Release|Any CPU
		{23A36DD5-DD0A-42A9-90A4-62CA0883E28D}.Release|Any CPU.Build.0 = Release|Any CPU
		{F208A948-249E-4053-B788-8E0EDF578407}.Debug|Any CPU.ActiveCfg = Debug|Any CPU
		{F208A948-249E-4053-B788-8E0EDF578407}.Debug|Any CPU.Build.0 = Debug|Any CPU
		{F208A948-249E-4053-B788-8E0EDF578407}.Release|Any CPU.ActiveCfg = Release|Any CPU
		{F208A948-249E-4053-B788-8E0EDF578407}.Release|Any CPU.Build.0 = Release|Any CPU
	EndGlobalSection
	GlobalSection(SolutionProperties) = preSolution
		HideSolutionNode = FALSE
	EndGlobalSection
	GlobalSection(ExtensibilityGlobals) = postSolution
		SolutionGuid = {3A9F0632-5F81-44B9-B834-FBECE6481AB7}
	EndGlobalSection
EndGlobal
